
Microsoft Visual Studio Solution File, Format Version 12.00
# Visual Studio Version 16
VisualStudioVersion = 16.0.30114.105
MinimumVisualStudioVersion = 10.0.40219.1
Project("{FAE04EC0-301F-11D3-BF4B-00C04F79EFBC}") = "WebApiApplication", "WebApiApplication\WebApiApplication.csproj", "{7241CE98-B46C-4849-822A-C1F6C67ED903}"
EndProject
Project("{FAE04EC0-301F-11D3-BF4B-00C04F79EFBC}") = "BehavioralAlgorithms", "BehavioralAlgorithms\BehavioralAlgorithms.csproj", "{85F84AA0-47E1-4247-B7E1-D480BE34453E}"
EndProject
Project("{FAE04EC0-301F-11D3-BF4B-00C04F79EFBC}") = "Snake", "Snake\Snake.csproj", "{F1BFEF59-3AD1-49C2-ABE9-1350D689C3CF}"
EndProject
Global
	GlobalSection(SolutionConfigurationPlatforms) = preSolution
		Debug|Any CPU = Debug|Any CPU
		Release|Any CPU = Release|Any CPU
	EndGlobalSection
	GlobalSection(ProjectConfigurationPlatforms) = postSolution
		{7241CE98-B46C-4849-822A-C1F6C67ED903}.Debug|Any CPU.ActiveCfg = Debug|Any CPU
		{7241CE98-B46C-4849-822A-C1F6C67ED903}.Debug|Any CPU.Build.0 = Debug|Any CPU
		{7241CE98-B46C-4849-822A-C1F6C67ED903}.Release|Any CPU.ActiveCfg = Release|Any CPU
		{7241CE98-B46C-4849-822A-C1F6C67ED903}.Release|Any CPU.Build.0 = Release|Any CPU
		{85F84AA0-47E1-4247-B7E1-D480BE34453E}.Debug|Any CPU.ActiveCfg = Debug|Any CPU
		{85F84AA0-47E1-4247-B7E1-D480BE34453E}.Debug|Any CPU.Build.0 = Debug|Any CPU
		{85F84AA0-47E1-4247-B7E1-D480BE34453E}.Release|Any CPU.ActiveCfg = Release|Any CPU
		{85F84AA0-47E1-4247-B7E1-D480BE34453E}.Release|Any CPU.Build.0 = Release|Any CPU
		{F1BFEF59-3AD1-49C2-ABE9-1350D689C3CF}.Debug|Any CPU.ActiveCfg = Debug|Any CPU
		{F1BFEF59-3AD1-49C2-ABE9-1350D689C3CF}.Debug|Any CPU.Build.0 = Debug|Any CPU
		{F1BFEF59-3AD1-49C2-ABE9-1350D689C3CF}.Release|Any CPU.ActiveCfg = Release|Any CPU
		{F1BFEF59-3AD1-49C2-ABE9-1350D689C3CF}.Release|Any CPU.Build.0 = Release|Any CPU
	EndGlobalSection
	GlobalSection(SolutionProperties) = preSolution
		HideSolutionNode = FALSE
	EndGlobalSection
	GlobalSection(ExtensibilityGlobals) = postSolution
		SolutionGuid = {04D52EA3-0DA8-4A73-A30A-0A045EAE831F}
	EndGlobalSection
EndGlobal
